
Microsoft Visual Studio Solution File, Format Version 12.00
# Visual Studio Version 16
VisualStudioVersion = 16.0.30907.101
MinimumVisualStudioVersion = 10.0.40219.1
Project("{FAE04EC0-301F-11D3-BF4B-00C04F79EFBC}") = "Виселица", "Виселица\Виселица.csproj", "{2D2F6D71-43DF-4075-BB3D-FA09F6365E8D}"
EndProject
Global
	GlobalSection(SolutionConfigurationPlatforms) = preSolution
		Debug|Any CPU = Debug|Any CPU
		Release|Any CPU = Release|Any CPU
	EndGlobalSection
	GlobalSection(ProjectConfigurationPlatforms) = postSolution
		{2D2F6D71-43DF-4075-BB3D-FA09F6365E8D}.Debug|Any CPU.ActiveCfg = Debug|Any CPU
		{2D2F6D71-43DF-4075-BB3D-FA09F6365E8D}.Debug|Any CPU.Build.0 = Debug|Any CPU
		{2D2F6D71-43DF-4075-BB3D-FA09F6365E8D}.Release|Any CPU.ActiveCfg = Release|Any CPU
		{2D2F6D71-43DF-4075-BB3D-FA09F6365E8D}.Release|Any CPU.Build.0 = Release|Any CPU
	EndGlobalSection
	GlobalSection(SolutionProperties) = preSolution
		HideSolutionNode = FALSE
	EndGlobalSection
	GlobalSection(ExtensibilityGlobals) = postSolution
		SolutionGuid = {7C7D574B-636A-4DA6-A4CA-92A848BB931D}
	EndGlobalSection
EndGlobal
